
Microsoft Visual Studio Solution File, Format Version 12.00
# Visual Studio Version 17
VisualStudioVersion = 17.0.31903.59
MinimumVisualStudioVersion = 10.0.40219.1
Project("{2150E333-8FDC-42A3-9474-1A3956D46DE8}") = "src", "src", "{CDF63412-E30B-4C9B-ACB3-45C4D45AB7F2}"
EndProject
Project("{FAE04EC0-301F-11D3-BF4B-00C04F79EFBC}") = "AuctionService", "src\AuctionService\AuctionService.csproj", "{DF444AB8-AD77-468B-8229-8B3DB2A6A8D3}"
EndProject
Project("{2150E333-8FDC-42A3-9474-1A3956D46DE8}") = "Solution Items", "Solution Items", "{E60AF38E-0F75-468C-B9DA-C90479478A43}"
	ProjectSection(SolutionItems) = preProject
		docker-compose.yml = docker-compose.yml
	EndProjectSection
EndProject
Project("{FAE04EC0-301F-11D3-BF4B-00C04F79EFBC}") = "SearchService", "src\SearchService\SearchService.csproj", "{47E6EC10-BD8D-41F6-9EF6-38FC202BA170}"
EndProject
Global
	GlobalSection(SolutionConfigurationPlatforms) = preSolution
		Debug|Any CPU = Debug|Any CPU
		Release|Any CPU = Release|Any CPU
	EndGlobalSection
	GlobalSection(SolutionProperties) = preSolution
		HideSolutionNode = FALSE
	EndGlobalSection
	GlobalSection(ProjectConfigurationPlatforms) = postSolution
		{DF444AB8-AD77-468B-8229-8B3DB2A6A8D3}.Debug|Any CPU.ActiveCfg = Debug|Any CPU
		{DF444AB8-AD77-468B-8229-8B3DB2A6A8D3}.Debug|Any CPU.Build.0 = Debug|Any CPU
		{DF444AB8-AD77-468B-8229-8B3DB2A6A8D3}.Release|Any CPU.ActiveCfg = Release|Any CPU
		{DF444AB8-AD77-468B-8229-8B3DB2A6A8D3}.Release|Any CPU.Build.0 = Release|Any CPU
		{47E6EC10-BD8D-41F6-9EF6-38FC202BA170}.Debug|Any CPU.ActiveCfg = Debug|Any CPU
		{47E6EC10-BD8D-41F6-9EF6-38FC202BA170}.Debug|Any CPU.Build.0 = Debug|Any CPU
		{47E6EC10-BD8D-41F6-9EF6-38FC202BA170}.Release|Any CPU.ActiveCfg = Release|Any CPU
		{47E6EC10-BD8D-41F6-9EF6-38FC202BA170}.Release|Any CPU.Build.0 = Release|Any CPU
	EndGlobalSection
	GlobalSection(NestedProjects) = preSolution
		{DF444AB8-AD77-468B-8229-8B3DB2A6A8D3} = {CDF63412-E30B-4C9B-ACB3-45C4D45AB7F2}
		{47E6EC10-BD8D-41F6-9EF6-38FC202BA170} = {CDF63412-E30B-4C9B-ACB3-45C4D45AB7F2}
	EndGlobalSection
EndGlobal
